
Microsoft Visual Studio Solution File, Format Version 12.00
# Visual Studio Version 17
VisualStudioVersion = 17.0.31903.59
MinimumVisualStudioVersion = 10.0.40219.1
Project("{2150E333-8FDC-42A3-9474-1A3956D46DE8}") = "src", "src", "{827E0CD3-B72D-47B6-A68D-7590B98EB39B}"
EndProject
Project("{FAE04EC0-301F-11D3-BF4B-00C04F79EFBC}") = "PuntoVenta.Domain", "src\PuntoVenta.Domain\PuntoVenta.Domain.csproj", "{FD7CD1D6-DBF9-4FD5-BFDB-AFB69408F31F}"
EndProject
Project("{FAE04EC0-301F-11D3-BF4B-00C04F79EFBC}") = "PuntoVenta.Application", "src\PuntoVenta.Application\PuntoVenta.Application.csproj", "{AF36BA6A-63C8-440C-BFEA-D1DACC18DDF3}"
EndProject
Project("{FAE04EC0-301F-11D3-BF4B-00C04F79EFBC}") = "PuntoVenta.Infrastructure", "src\PuntoVenta.Infrastructure\PuntoVenta.Infrastructure.csproj", "{FA870851-132C-4FB8-A583-083ADB4C7BAD}"
EndProject
Project("{FAE04EC0-301F-11D3-BF4B-00C04F79EFBC}") = "PuntoVenta.API", "src\PuntoVenta.API\PuntoVenta.API.csproj", "{83D44D00-035C-496A-8799-65014B032176}"
EndProject
Project("{FAE04EC0-301F-11D3-BF4B-00C04F79EFBC}") = "PuntoVenta.UnitTests", "tests\PuntoVenta.UnitTests\PuntoVenta.UnitTests.csproj", "{9B7227DF-22CE-4EEC-959C-6C3A64774EF3}"
EndProject
Project("{2150E333-8FDC-42A3-9474-1A3956D46DE8}") = "tests", "tests", "{0AB3BF05-4346-4AA6-1389-037BE0695223}"
EndProject
Project("{FAE04EC0-301F-11D3-BF4B-00C04F79EFBC}") = "PuntoVenta.IntegrationTests", "tests\PuntoVenta.IntegrationTests\PuntoVenta.IntegrationTests.csproj", "{62310F69-2AAD-499F-A788-538500B761BA}"
EndProject
Global
	GlobalSection(SolutionConfigurationPlatforms) = preSolution
		Debug|Any CPU = Debug|Any CPU
		Debug|x64 = Debug|x64
		Debug|x86 = Debug|x86
		Release|Any CPU = Release|Any CPU
		Release|x64 = Release|x64
		Release|x86 = Release|x86
	EndGlobalSection
	GlobalSection(ProjectConfigurationPlatforms) = postSolution
		{FD7CD1D6-DBF9-4FD5-BFDB-AFB69408F31F}.Debug|Any CPU.ActiveCfg = Debug|Any CPU
		{FD7CD1D6-DBF9-4FD5-BFDB-AFB69408F31F}.Debug|Any CPU.Build.0 = Debug|Any CPU
		{FD7CD1D6-DBF9-4FD5-BFDB-AFB69408F31F}.Debug|x64.ActiveCfg = Debug|Any CPU
		{FD7CD1D6-DBF9-4FD5-BFDB-AFB69408F31F}.Debug|x64.Build.0 = Debug|Any CPU
		{FD7CD1D6-DBF9-4FD5-BFDB-AFB69408F31F}.Debug|x86.ActiveCfg = Debug|Any CPU
		{FD7CD1D6-DBF9-4FD5-BFDB-AFB69408F31F}.Debug|x86.Build.0 = Debug|Any CPU
		{FD7CD1D6-DBF9-4FD5-BFDB-AFB69408F31F}.Release|Any CPU.ActiveCfg = Release|Any CPU
		{FD7CD1D6-DBF9-4FD5-BFDB-AFB69408F31F}.Release|Any CPU.Build.0 = Release|Any CPU
		{FD7CD1D6-DBF9-4FD5-BFDB-AFB69408F31F}.Release|x64.ActiveCfg = Release|Any CPU
		{FD7CD1D6-DBF9-4FD5-BFDB-AFB69408F31F}.Release|x64.Build.0 = Release|Any CPU
		{FD7CD1D6-DBF9-4FD5-BFDB-AFB69408F31F}.Release|x86.ActiveCfg = Release|Any CPU
		{FD7CD1D6-DBF9-4FD5-BFDB-AFB69408F31F}.Release|x86.Build.0 = Release|Any CPU
		{AF36BA6A-63C8-440C-BFEA-D1DACC18DDF3}.Debug|Any CPU.ActiveCfg = Debug|Any CPU
		{AF36BA6A-63C8-440C-BFEA-D1DACC18DDF3}.Debug|Any CPU.Build.0 = Debug|Any CPU
		{AF36BA6A-63C8-440C-BFEA-D1DACC18DDF3}.Debug|x64.ActiveCfg = Debug|Any CPU
		{AF36BA6A-63C8-440C-BFEA-D1DACC18DDF3}.Debug|x64.Build.0 = Debug|Any CPU
		{AF36BA6A-63C8-440C-BFEA-D1DACC18DDF3}.Debug|x86.ActiveCfg = Debug|Any CPU
		{AF36BA6A-63C8-440C-BFEA-D1DACC18DDF3}.Debug|x86.Build.0 = Debug|Any CPU
		{AF36BA6A-63C8-440C-BFEA-D1DACC18DDF3}.Release|Any CPU.ActiveCfg = Release|Any CPU
		{AF36BA6A-63C8-440C-BFEA-D1DACC18DDF3}.Release|Any CPU.Build.0 = Release|Any CPU
		{AF36BA6A-63C8-440C-BFEA-D1DACC18DDF3}.Release|x64.ActiveCfg = Release|Any CPU
		{AF36BA6A-63C8-440C-BFEA-D1DACC18DDF3}.Release|x64.Build.0 = Release|Any CPU
		{AF36BA6A-63C8-440C-BFEA-D1DACC18DDF3}.Release|x86.ActiveCfg = Release|Any CPU
		{AF36BA6A-63C8-440C-BFEA-D1DACC18DDF3}.Release|x86.Build.0 = Release|Any CPU
		{FA870851-132C-4FB8-A583-083ADB4C7BAD}.Debug|Any CPU.ActiveCfg = Debug|Any CPU
		{FA870851-132C-4FB8-A583-083ADB4C7BAD}.Debug|Any CPU.Build.0 = Debug|Any CPU
		{FA870851-132C-4FB8-A583-083ADB4C7BAD}.Debug|x64.ActiveCfg = Debug|Any CPU
		{FA870851-132C-4FB8-A583-083ADB4C7BAD}.Debug|x64.Build.0 = Debug|Any CPU
		{FA870851-132C-4FB8-A583-083ADB4C7BAD}.Debug|x86.ActiveCfg = Debug|Any CPU
		{FA870851-132C-4FB8-A583-083ADB4C7BAD}.Debug|x86.Build.0 = Debug|Any CPU
		{FA870851-132C-4FB8-A583-083ADB4C7BAD}.Release|Any CPU.ActiveCfg = Release|Any CPU
		{FA870851-132C-4FB8-A583-083ADB4C7BAD}.Release|Any CPU.Build.0 = Release|Any CPU
		{FA870851-132C-4FB8-A583-083ADB4C7BAD}.Release|x64.ActiveCfg = Release|Any CPU
		{FA870851-132C-4FB8-A583-083ADB4C7BAD}.Release|x64.Build.0 = Release|Any CPU
		{FA870851-132C-4FB8-A583-083ADB4C7BAD}.Release|x86.ActiveCfg = Release|Any CPU
		{FA870851-132C-4FB8-A583-083ADB4C7BAD}.Release|x86.Build.0 = Release|Any CPU
		{83D44D00-035C-496A-8799-65014B032176}.Debug|Any CPU.ActiveCfg = Debug|Any CPU
		{83D44D00-035C-496A-8799-65014B032176}.Debug|Any CPU.Build.0 = Debug|Any CPU
		{83D44D00-035C-496A-8799-65014B032176}.Debug|x64.ActiveCfg = Debug|Any CPU
		{83D44D00-035C-496A-8799-65014B032176}.Debug|x64.Build.0 = Debug|Any CPU
		{83D44D00-035C-496A-8799-65014B032176}.Debug|x86.ActiveCfg = Debug|Any CPU
		{83D44D00-035C-496A-8799-65014B032176}.Debug|x86.Build.0 = Debug|Any CPU
		{83D44D00-035C-496A-8799-65014B032176}.Release|Any CPU.ActiveCfg = Release|Any CPU
		{83D44D00-035C-496A-8799-65014B032176}.Release|Any CPU.Build.0 = Release|Any CPU
		{83D44D00-035C-496A-8799-65014B032176}.Release|x64.ActiveCfg = Release|Any CPU
		{83D44D00-035C-496A-8799-65014B032176}.Release|x64.Build.0 = Release|Any CPU
		{83D44D00-035C-496A-8799-65014B032176}.Release|x86.ActiveCfg = Release|Any CPU
		{83D44D00-035C-496A-8799-65014B032176}.Release|x86.Build.0 = Release|Any CPU
		{9B7227DF-22CE-4EEC-959C-6C3A64774EF3}.Debug|Any CPU.ActiveCfg = Debug|Any CPU
		{9B7227DF-22CE-4EEC-959C-6C3A64774EF3}.Debug|Any CPU.Build.0 = Debug|Any CPU
		{9B7227DF-22CE-4EEC-959C-6C3A64774EF3}.Debug|x64.ActiveCfg = Debug|Any CPU
		{9B7227DF-22CE-4EEC-959C-6C3A64774EF3}.Debug|x64.Build.0 = Debug|Any CPU
		{9B7227DF-22CE-4EEC-959C-6C3A64774EF3}.Debug|x86.ActiveCfg = Debug|Any CPU
		{9B7227DF-22CE-4EEC-959C-6C3A64774EF3}.Debug|x86.Build.0 = Debug|Any CPU
		{9B7227DF-22CE-4EEC-959C-6C3A64774EF3}.Release|Any CPU.ActiveCfg = Release|Any CPU
		{9B7227DF-22CE-4EEC-959C-6C3A64774EF3}.Release|Any CPU.Build.0 = Release|Any CPU
		{9B7227DF-22CE-4EEC-959C-6C3A64774EF3}.Release|x64.ActiveCfg = Release|Any CPU
		{9B7227DF-22CE-4EEC-959C-6C3A64774EF3}.Release|x64.Build.0 = Release|Any CPU
		{9B7227DF-22CE-4EEC-959C-6C3A64774EF3}.Release|x86.ActiveCfg = Release|Any CPU
		{9B7227DF-22CE-4EEC-959C-6C3A64774EF3}.Release|x86.Build.0 = Release|Any CPU
		{62310F69-2AAD-499F-A788-538500B761BA}.Debug|Any CPU.ActiveCfg = Debug|Any CPU
		{62310F69-2AAD-499F-A788-538500B761BA}.Debug|Any CPU.Build.0 = Debug|Any CPU
		{62310F69-2AAD-499F-A788-538500B761BA}.Debug|x64.ActiveCfg = Debug|Any CPU
		{62310F69-2AAD-499F-A788-538500B761BA}.Debug|x64.Build.0 = Debug|Any CPU
		{62310F69-2AAD-499F-A788-538500B761BA}.Debug|x86.ActiveCfg = Debug|Any CPU
		{62310F69-2AAD-499F-A788-538500B761BA}.Debug|x86.Build.0 = Debug|Any CPU
		{62310F69-2AAD-499F-A788-538500B761BA}.Release|Any CPU.ActiveCfg = Release|Any CPU
		{62310F69-2AAD-499F-A788-538500B761BA}.Release|Any CPU.Build.0 = Release|Any CPU
		{62310F69-2AAD-499F-A788-538500B761BA}.Release|x64.ActiveCfg = Release|Any CPU
		{62310F69-2AAD-499F-A788-538500B761BA}.Release|x64.Build.0 = Release|Any CPU
		{62310F69-2AAD-499F-A788-538500B761BA}.Release|x86.ActiveCfg = Release|Any CPU
		{62310F69-2AAD-499F-A788-538500B761BA}.Release|x86.Build.0 = Release|Any CPU
	EndGlobalSection
	GlobalSection(SolutionProperties) = preSolution
		HideSolutionNode = FALSE
	EndGlobalSection
	GlobalSection(NestedProjects) = preSolution
		{FD7CD1D6-DBF9-4FD5-BFDB-AFB69408F31F} = {827E0CD3-B72D-47B6-A68D-7590B98EB39B}
		{AF36BA6A-63C8-440C-BFEA-D1DACC18DDF3} = {827E0CD3-B72D-47B6-A68D-7590B98EB39B}
		{FA870851-132C-4FB8-A583-083ADB4C7BAD} = {827E0CD3-B72D-47B6-A68D-7590B98EB39B}
		{83D44D00-035C-496A-8799-65014B032176} = {827E0CD3-B72D-47B6-A68D-7590B98EB39B}
		{9B7227DF-22CE-4EEC-959C-6C3A64774EF3} = {827E0CD3-B72D-47B6-A68D-7590B98EB39B}
		{62310F69-2AAD-499F-A788-538500B761BA} = {0AB3BF05-4346-4AA6-1389-037BE0695223}
	EndGlobalSection
EndGlobal
